# This file was autogenerated by Stack.
# You should not edit this file by hand.
# For more information, please see the documentation at:
#   https://docs.haskellstack.org/en/stable/lock_files

packages:
- completed:
    hackage: grisette-0.6.0.0@sha256:9e94b58d63ef199ae73fe9d1344bb80c657c03e18f0ef4e0db49406654024e43,12413
    pantry-tree:
      sha256: a4d9b643cfa8629728b94f486050adcc354627fbeecb214a38b91dab8172d5f0
      size: 14678
  original:
    hackage: grisette-0.6.0.0
snapshots:
- completed:
    sha256: 28a863b358647f2d952fe7085ba11561aeb63eca6bc6fd1ce8fcf1cfe63717f5
    size: 719127
    url: https://raw.githubusercontent.com/commercialhaskell/stackage-snapshots/master/lts/22/24.yaml
  original: lts-22.24
